# This file is autogenerated, do not edit; changes may be undone by the next 'dep ensure'.


[[projects]]
  digest = "1:1ca95505ec8a6d69762d2b5d9ab7e66ae619365b2e26031e220b675ff6fb010b"
  name = "github.com/atotto/clipboard"
  packages = ["."]
  pruneopts = "UT"
  revision = "aa9549103943c05f3e8951009cdb6a0bec2c8949"
  version = "v0.1.1"

[[projects]]
  digest = "1:705c40022f5c03bf96ffeb6477858d88565064485a513abcd0f11a0911546cb6"
  name = "github.com/blang/semver"
  packages = ["."]
  pruneopts = "UT"
  revision = "2ee87856327ba09384cabd113bc6b5d174e9ec0f"
  version = "v3.5.1"

[[projects]]
  digest = "1:0f98f59e9a2f4070d66f0c9c39561f68fcd1dc837b22a852d28d0003aebd1b1e"
  name = "github.com/boltdb/bolt"
  packages = ["."]
  pruneopts = "UT"
  revision = "2f1ce7a837dcb8da3ec595b1dac9d0632f0f99e8"
  version = "v1.3.1"

[[projects]]
  digest = "1:259651ca4058543532c88dbdd650fe99d8b02f785dceeae01ba0435a6c9f7c72"
  name = "github.com/cskr/pubsub"
  packages = ["."]
  pruneopts = "UT"
  revision = "a1dc30a0b38055a251f1f04ceb4cc1c7207b0540"
  version = "v1.0.1"

[[projects]]
  digest = "1:865079840386857c809b72ce300be7580cb50d3d3129ce11bf9aa6ca2bc1934a"
  name = "github.com/fatih/color"
  packages = ["."]
  pruneopts = "UT"
  revision = "5b77d2a35fb0ede96d138fc9a99f5c9b6aef11b4"
  version = "v1.7.0"

[[projects]]
  digest = "1:db75c3971e4fcaa251e4726f132fab3b17ad90beb7829d90ade140533b577861"
  name = "github.com/gogo/protobuf"
  packages = [
    "io",
    "proto",
  ]
  pruneopts = "UT"
  revision = "4cbf7e384e768b4e01799441fdf2a706a5635ae7"
  version = "v1.2.0"

[[projects]]
  digest = "1:97df918963298c287643883209a2c3f642e6593379f97ab400c2a2e219ab647d"
  name = "github.com/golang/protobuf"
  packages = ["proto"]
  pruneopts = "UT"
  revision = "aa810b61a9c79d51363740d207bb46cf8e620ed5"
  version = "v1.2.0"

[[projects]]
  digest = "1:721cb5ee72b22a190ed1fb41bcc184d24d8f9ffef21d8755042fcefaebf40144"
  name = "github.com/google/go-github"
  packages = ["github"]
  pruneopts = "UT"
  revision = "7c7d51f489bc54d96dfa34c497601b4a05d760c7"
  version = "v20.0.0"

[[projects]]
  digest = "1:a63cff6b5d8b95638bfe300385d93b2a6d9d687734b863da8e09dc834510a690"
  name = "github.com/google/go-querystring"
  packages = ["query"]
  pruneopts = "UT"
  revision = "44c6ddd0a2342c386950e880b658017258da92fc"
  version = "v1.0.0"

[[projects]]
  digest = "1:c79fb010be38a59d657c48c6ba1d003a8aa651fa56b579d959d74573b7dff8e1"
  name = "github.com/gorilla/context"
  packages = ["."]
  pruneopts = "UT"
  revision = "08b5f424b9271eedf6f9f0ce86cb9396ed337a42"
  version = "v1.1.1"

[[projects]]
  digest = "1:e73f5b0152105f18bc131fba127d9949305c8693f8a762588a82a48f61756f5f"
  name = "github.com/gorilla/mux"
  packages = ["."]
  pruneopts = "UT"
  revision = "e3702bed27f0d39777b0b37b664b6280e8ef8fbf"
  version = "v1.6.2"

[[projects]]
  branch = "master"
  digest = "1:f3b0cfd42716269884bf06df5d5be9e54161d5af0a2f0ccca08717928dd45fc5"
  name = "github.com/inconshreveable/go-update"
  packages = [
    ".",
    "internal/binarydist",
    "internal/osext",
  ]
  pruneopts = "UT"
  revision = "8152e7eb6ccf8679a64582a66b78519688d156ad"

[[projects]]
  digest = "1:114ecad51af93a73ae6781fd0d0bc28e52b433c852b84ab4b4c109c15e6c6b6d"
  name = "github.com/jroimartin/gocui"
  packages = ["."]
  pruneopts = "UT"
  revision = "c055c87ae801372cd74a0839b972db4f7697ae5f"
  version = "v0.4.0"

[[projects]]
  digest = "1:c658e84ad3916da105a761660dcaeb01e63416c8ec7bc62256a9b411a05fcd67"
  name = "github.com/mattn/go-colorable"
  packages = ["."]
  pruneopts = "UT"
  revision = "167de6bfdfba052fa6b2d3664c8f5272e23c9072"
  version = "v0.0.9"

[[projects]]
  digest = "1:0981502f9816113c9c8c4ac301583841855c8cf4da8c72f696b3ebedf6d0e4e5"
  name = "github.com/mattn/go-isatty"
  packages = ["."]
  pruneopts = "UT"
  revision = "6ca4dbf54d38eea1a992b3c722a76a5d1c4cb25c"
  version = "v0.0.4"

[[projects]]
  digest = "1:cdb899c199f907ac9fb50495ec71212c95cb5b0e0a8ee0800da0238036091033"
  name = "github.com/mattn/go-runewidth"
  packages = ["."]
  pruneopts = "UT"
  revision = "ce7b0b5c7b45a81508558cd1dba6bb1e4ddb51bb"
  version = "v0.0.3"

[[projects]]
  branch = "master"
  digest = "1:01d9e47830ef6077fb6f91033b0e83f324ad5966d11ed3daa4a5822ace876dab"
  name = "github.com/nsf/termbox-go"
  packages = ["."]
  pruneopts = "UT"
  revision = "60ab7e3d12ed91bc1b2486559c4b3a6b62297577"

[[projects]]
  digest = "1:d07bd28263c09c5d7f6502e8ddac63e027eca0eafcd07632790d958b50360317"
  name = "github.com/opentracing/basictracer-go"
  packages = [
    ".",
    "wire",
  ]
  pruneopts = "UT"
  revision = "1b32af207119a14b1b231d451df3ed04a72efebf"
  version = "v1.0.0"

[[projects]]
  digest = "1:450b7623b185031f3a456801155c8320209f75d0d4c4e633c6b1e59d44d6e392"
  name = "github.com/opentracing/opentracing-go"
  packages = [
    ".",
    "ext",
    "log",
  ]
  pruneopts = "UT"
  revision = "1949ddbfd147afd4d964a9f00b24eb291e0e7c38"
  version = "v1.0.2"

[[projects]]
  digest = "1:01bb0a58b86f4f816be2bcf0ae68dffd042b2d1c356b97b14dc1cd12a53fc731"
  name = "github.com/rhysd/go-github-selfupdate"
  packages = ["selfupdate"]
  pruneopts = "UT"
  revision = "472a014a457bf6983bd5b28bdc4e7d14f352f187"
  version = "v1.1.0"

[[projects]]
  digest = "1:274f67cb6fed9588ea2521ecdac05a6d62a8c51c074c1fccc6a49a40ba80e925"
  name = "github.com/satori/go.uuid"
  packages = ["."]
  pruneopts = "UT"
  revision = "f58768cc1a7a7e77a3bd49e98cdd21419399b6a3"
  version = "v1.2.0"

[[projects]]
  digest = "1:2b97fd8c3ebafa161b3cf34948a0dd7d1ec27ab3fed686eb3639ead64344e9e6"
  name = "github.com/schollz/closestmatch"
  packages = ["."]
  pruneopts = "UT"
  revision = "56fb6b15a5e88fbcbc21b196488e749fc176514c"
  version = "v2.1.0"

[[projects]]
  branch = "master"
  digest = "1:68cecd4c1137f77dfa2db1f13a0ceef2b5606d6b69d66fa69f7df1b2f2fe9afc"
  name = "github.com/shurcooL/httpfs"
  packages = ["vfsutil"]
  pruneopts = "UT"
  revision = "74dc9339e414ad069a8d04bba7e7aafd08043a25"

[[projects]]
  branch = "master"
  digest = "1:98450c86949b8cdc4637b80c1c686ca955e503d3fbae9296d1f49c532895d281"
  name = "github.com/shurcooL/vfsgen"
  packages = ["."]
  pruneopts = "UT"
  revision = "6a9ea43bcacdf716a5c1b38efff722c07adf0069"

[[projects]]
  branch = "master"
  digest = "1:39853e1ae46a02816e2419e1f590e00682b1a6b60bb988597cf2efb84314da45"
  name = "github.com/skratchdot/open-golang"
  packages = ["open"]
  pruneopts = "UT"
  revision = "75fb7ed4208cf72d323d7d02fd1a5964a7a9073c"

[[projects]]
  digest = "1:ebabd8967efa341b15e51b329eb5b7ebc69b573fb4adb4ac2433fa532edcadbc"
  name = "github.com/tcnksm/go-gitconfig"
  packages = ["."]
  pruneopts = "UT"
  revision = "d154598bacbf4501c095a309753c5d4af66caa81"
  version = "v0.1.2"

[[projects]]
  digest = "1:db345c377984d0907323c09a9b17f11d995a59649fd38f909727df358b5f9020"
  name = "github.com/ulikunitz/xz"
  packages = [
    ".",
    "internal/hash",
    "internal/xlog",
    "lzma",
  ]
  pruneopts = "UT"
  revision = "590df8077fbcb06ad62d7714da06c00e5dd2316d"
  version = "v0.5.5"

[[projects]]
  branch = "master"
  digest = "1:f8b491a7c25030a895a0e579742d07136e6958e77ef2d46e769db8eec4e58fcd"
  name = "golang.org/x/net"
  packages = [
    "context",
    "context/ctxhttp",
  ]
  pruneopts = "UT"
  revision = "891ebc4b82d6e74f468c533b06f983c7be918a96"

[[projects]]
  branch = "master"
  digest = "1:5276e08fe6a1dfdb65b4f46a2e5d5c9e00be6e499105e441049c3c04a0c83b36"
  name = "golang.org/x/oauth2"
  packages = [
    ".",
    "internal",
  ]
  pruneopts = "UT"
  revision = "d668ce993890a79bda886613ee587a69dd5da7a6"

[[projects]]
  branch = "master"
  digest = "1:418531991b3ea024fd1947c8fdd18019b3ce285025955fddc6b8e4cc4f9213fc"
  name = "golang.org/x/sys"
  packages = ["unix"]
  pruneopts = "UT"
  revision = "7da8ea5c81829e397bdf930c5d8ba4b703616f33"

[[projects]]
  digest = "1:08206298775e5b462e6c0333f4471b44e63f1a70e42952b6ede4ecc9572281eb"
  name = "google.golang.org/appengine"
  packages = [
    "internal",
    "internal/base",
    "internal/datastore",
    "internal/log",
    "internal/remote_api",
    "internal/urlfetch",
    "urlfetch",
  ]
  pruneopts = "UT"
  revision = "4a4468ece617fc8205e99368fa2200e9d1fad421"
  version = "v1.3.0"

[[projects]]
  branch = "master"
  digest = "1:3657d2aab4a1ba9582b6d1bb3d0e8527588b6a451c9df21b4446ece1432a2695"
  name = "sourcegraph.com/sourcegraph/appdash"
  packages = [
    ".",
    "httptrace",
    "internal/wire",
    "opentracing",
    "sqltrace",
    "traceapp",
    "traceapp/tmpl",
  ]
  pruneopts = "UT"
  revision = "4c381bd170b46de54530ae6170358c98fdaa515f"

[[projects]]
  branch = "master"
  digest = "1:8e0a2957fe342f22d70a543c3fcdf390f7627419c3d82d87ab4fd715a9ef5716"
  name = "sourcegraph.com/sourcegraph/appdash-data"
  packages = ["."]
  pruneopts = "UT"
  revision = "73f23eafcf67cad684fba328dd545a116ac273ff"

[solve-meta]
  analyzer-name = "dep"
  analyzer-version = 1
  input-imports = [
    "github.com/atotto/clipboard",
    "github.com/blang/semver",
    "github.com/boltdb/bolt",
    "github.com/cskr/pubsub",
    "github.com/fatih/color",
    "github.com/jroimartin/gocui",
    "github.com/opentracing/opentracing-go",
    "github.com/rhysd/go-github-selfupdate/selfupdate",
    "github.com/satori/go.uuid",
    "github.com/schollz/closestmatch",
    "github.com/skratchdot/open-golang/open",
    "sourcegraph.com/sourcegraph/appdash",
    "sourcegraph.com/sourcegraph/appdash/opentracing",
    "sourcegraph.com/sourcegraph/appdash/traceapp",
  ]
  solver-name = "gps-cdcl"
  solver-version = 1
